
Microsoft Visual Studio Solution File, Format Version 12.00
# Visual Studio Version 17
VisualStudioVersion = 17.4.33110.190
MinimumVisualStudioVersion = 10.0.40219.1
Project("{FAE04EC0-301F-11D3-BF4B-00C04F79EFBC}") = "Ejercicio 55 obtener el mayor y menor", "Ejercicio 55 obtener el mayor y menor\Ejercicio 55 obtener el mayor y menor.csproj", "{A87C2845-8B28-4C44-9F44-84AB6BB8AAE2}"
EndProject
Global
	GlobalSection(SolutionConfigurationPlatforms) = preSolution
		Debug|Any CPU = Debug|Any CPU
		Release|Any CPU = Release|Any CPU
	EndGlobalSection
	GlobalSection(ProjectConfigurationPlatforms) = postSolution
		{A87C2845-8B28-4C44-9F44-84AB6BB8AAE2}.Debug|Any CPU.ActiveCfg = Debug|Any CPU
		{A87C2845-8B28-4C44-9F44-84AB6BB8AAE2}.Debug|Any CPU.Build.0 = Debug|Any CPU
		{A87C2845-8B28-4C44-9F44-84AB6BB8AAE2}.Release|Any CPU.ActiveCfg = Release|Any CPU
		{A87C2845-8B28-4C44-9F44-84AB6BB8AAE2}.Release|Any CPU.Build.0 = Release|Any CPU
	EndGlobalSection
	GlobalSection(SolutionProperties) = preSolution
		HideSolutionNode = FALSE
	EndGlobalSection
	GlobalSection(ExtensibilityGlobals) = postSolution
		SolutionGuid = {6D5FAFB6-015E-4132-A828-83F576BAD906}
	EndGlobalSection
EndGlobal
